// !$*UTF8*$!
{
	archiveVersion = 1;
	classes = {
	};
	objectVersion = 46;
	objects = {

/* Begin PBXBuildFile section */
		962245E21D1A3A1B008C5B8F /* AppDelegate.swift in Sources */ = {isa = PBXBuildFile; fileRef = 962245E11D1A3A1B008C5B8F /* AppDelegate.swift */; };
		962245E41D1A3A1B008C5B8F /* ViewController.swift in Sources */ = {isa = PBXBuildFile; fileRef = 962245E31D1A3A1B008C5B8F /* ViewController.swift */; };
		962245E71D1A3A1B008C5B8F /* Main.storyboard in Resources */ = {isa = PBXBuildFile; fileRef = 962245E51D1A3A1B008C5B8F /* Main.storyboard */; };
		962245E91D1A3A1B008C5B8F /* Assets.xcassets in Resources */ = {isa = PBXBuildFile; fileRef = 962245E81D1A3A1B008C5B8F /* Assets.xcassets */; };
		962245EC1D1A3A1B008C5B8F /* LaunchScreen.storyboard in Resources */ = {isa = PBXBuildFile; fileRef = 962245EA1D1A3A1B008C5B8F /* LaunchScreen.storyboard */; };
		962245F61D1A3C6B008C5B8F /* Requester.swift in Sources */ = {isa = PBXBuildFile; fileRef = 962245F51D1A3C6B008C5B8F /* Requester.swift */; };
/* End PBXBuildFile section */

/* Begin PBXFileReference section */
		962245DE1D1A3A1B008C5B8F /* AsyncCallbackHell.app */ = {isa = PBXFileReference; explicitFileType = wrapper.application; includeInIndex = 0; path = AsyncCallbackHell.app; sourceTree = BUILT_PRODUCTS_DIR; };
		962245E11D1A3A1B008C5B8F /* AppDelegate.swift */ = {isa = PBXFileReference; lastKnownFileType = sourcecode.swift; path = AppDelegate.swift; sourceTree = "<group>"; };
		962245E31D1A3A1B008C5B8F /* ViewController.swift */ = {isa = PBXFileReference; lastKnownFileType = sourcecode.swift; path = ViewController.swift; sourceTree = "<group>"; };
		962245E61D1A3A1B008C5B8F /* Base */ = {isa = PBXFileReference; lastKnownFileType = file.storyboard; name = Base; path = Base.lproj/Main.storyboard; sourceTree = "<group>"; };
		962245E81D1A3A1B008C5B8F /* Assets.xcassets */ = {isa = PBXFileReference; lastKnownFileType = folder.assetcatalog; path = Assets.xcassets; sourceTree = "<group>"; };
		962245EB1D1A3A1B008C5B8F /* Base */ = {isa = PBXFileReference; lastKnownFileType = file.storyboard; name = Base; path = Base.lproj/LaunchScreen.storyboard; sourceTree = "<group>"; };
		962245ED1D1A3A1B008C5B8F /* Info.plist */ = {isa = PBXFileReference; lastKnownFileType = text.plist.xml; path = Info.plist; sourceTree = "<group>"; };
		962245F51D1A3C6B008C5B8F /* Requester.swift */ = {isa = PBXFileReference; fileEncoding = 4; lastKnownFileType = sourcecode.swift; path = Requester.swift; sourceTree = "<group>"; };
/* End PBXFileReference section */

/* Begin PBXFrameworksBuildPhase section */
		962245DB1D1A3A1B008C5B8F /* Frameworks */ = {
			isa = PBXFrameworksBuildPhase;
			buildActionMask = 2147483647;
			files = (
			);
			runOnlyForDeploymentPostprocessing = 0;
		};
/* End PBXFrameworksBuildPhase section */

/* Begin PBXGroup section */
		962245D51D1A3A1B008C5B8F = {
			isa = PBXGroup;
			children = (
				962245E01D1A3A1B008C5B8F /* AsyncCallbackHell */,
				962245DF1D1A3A1B008C5B8F /* Products */,
			);
			sourceTree = "<group>";
		};
		962245DF1D1A3A1B008C5B8F /* Products */ = {
			isa = PBXGroup;
			children = (
				962245DE1D1A3A1B008C5B8F /* AsyncCallbackHell.app */,
			);
			name = Products;
			sourceTree = "<group>";
		};
		962245E01D1A3A1B008C5B8F /* AsyncCallbackHell */ = {
			isa = PBXGroup;
			children = (
				962245E11D1A3A1B008C5B8F /* AppDelegate.swift */,
				962245E31D1A3A1B008C5B8F /* ViewController.swift */,
				962245F41D1A3C34008C5B8F /* Requester */,
				962245F31D1A3C34008C5B8F /* Parser */,
				962245F71D1A3F44008C5B8F /* Support Files */,
			);
			path = AsyncCallbackHell;
			sourceTree = "<group>";
		};
		962245F31D1A3C34008C5B8F /* Parser */ = {
			isa = PBXGroup;
			children = (
			);
			path = Parser;
			sourceTree = "<group>";
		};
		962245F41D1A3C34008C5B8F /* Requester */ = {
			isa = PBXGroup;
			children = (
				962245F51D1A3C6B008C5B8F /* Requester.swift */,
			);
			path = Requester;
			sourceTree = "<group>";
		};
		962245F71D1A3F44008C5B8F /* Support Files */ = {
			isa = PBXGroup;
			children = (
				962245E51D1A3A1B008C5B8F /* Main.storyboard */,
				962245E81D1A3A1B008C5B8F /* Assets.xcassets */,
				962245EA1D1A3A1B008C5B8F /* LaunchScreen.storyboard */,
				962245ED1D1A3A1B008C5B8F /* Info.plist */,
			);
			name = "Support Files";
			sourceTree = "<group>";
		};
/* End PBXGroup section */

/* Begin PBXNativeTarget section */
		962245DD1D1A3A1B008C5B8F /* AsyncCallbackHell */ = {
			isa = PBXNativeTarget;
			buildConfigurationList = 962245F01D1A3A1B008C5B8F /* Build configuration list for PBXNativeTarget "AsyncCallbackHell" */;
			buildPhases = (
				962245DA1D1A3A1B008C5B8F /* Sources */,
				962245DB1D1A3A1B008C5B8F /* Frameworks */,
				962245DC1D1A3A1B008C5B8F /* Resources */,
			);
			buildRules = (
			);
			dependencies = (
			);
			name = AsyncCallbackHell;
			productName = AsyncCallbackHell;
			productReference = 962245DE1D1A3A1B008C5B8F /* AsyncCallbackHell.app */;
			productType = "com.apple.product-type.application";
		};
/* End PBXNativeTarget section */

/* Begin PBXProject section */
		962245D61D1A3A1B008C5B8F /* Project object */ = {
			isa = PBXProject;
			attributes = {
				LastSwiftUpdateCheck = 0730;
				LastUpgradeCheck = 0730;
				ORGANIZATIONNAME = saitjr;
				TargetAttributes = {
					962245DD1D1A3A1B008C5B8F = {
						CreatedOnToolsVersion = 7.3.1;
					};
				};
			};
			buildConfigurationList = 962245D91D1A3A1B008C5B8F /* Build configuration list for PBXProject "AsyncCallbackHell" */;
			compatibilityVersion = "Xcode 3.2";
			developmentRegion = English;
			hasScannedForEncodings = 0;
			knownRegions = (
				en,
				Base,
			);
			mainGroup = 962245D51D1A3A1B008C5B8F;
			productRefGroup = 962245DF1D1A3A1B008C5B8F /* Products */;
			projectDirPath = "";
			projectRoot = "";
			targets = (
				962245DD1D1A3A1B008C5B8F /* AsyncCallbackHell */,
			);
		};
/* End PBXProject section */

/* Begin PBXResourcesBuildPhase section */
		962245DC1D1A3A1B008C5B8F /* Resources */ = {
			isa = PBXResourcesBuildPhase;
			buildActionMask = 2147483647;
			files = (
				962245EC1D1A3A1B008C5B8F /* LaunchScreen.storyboard in Resources */,
				962245E91D1A3A1B008C5B8F /* Assets.xcassets in Resources */,
				962245E71D1A3A1B008C5B8F /* Main.storyboard in Resources */,
			);
			runOnlyForDeploymentPostprocessing = 0;
		};
/* End PBXResourcesBuildPhase section */

/* Begin PBXSourcesBuildPhase section */
		962245DA1D1A3A1B008C5B8F /* Sources */ = {
			isa = PBXSourcesBuildPhase;
			buildActionMask = 2147483647;
			files = (
				962245E41D1A3A1B008C5B8F /* ViewController.swift in Sources */,
				962245E21D1A3A1B008C5B8F /* AppDelegate.swift in Sources */,
				962245F61D1A3C6B008C5B8F /* Requester.swift in Sources */,
			);
			runOnlyForDeploymentPostprocessing = 0;
		};
/* End PBXSourcesBuildPhase section */

/* Begin PBXVariantGroup section */
		962245E51D1A3A1B008C5B8F /* Main.storyboard */ = {
			isa = PBXVariantGroup;
			children = (
				962245E61D1A3A1B008C5B8F /* Base */,
			);
			name = Main.storyboard;
			sourceTree = "<group>";
		};
		962245EA1D1A3A1B008C5B8F /* LaunchScreen.storyboard */ = {
			isa = PBXVariantGroup;
			children = (
				962245EB1D1A3A1B008C5B8F /* Base */,
			);
			name = LaunchScreen.storyboard;
			sourceTree = "<group>";
		};
/* End PBXVariantGroup section */

/* Begin XCBuildConfiguration section */
		962245EE1D1A3A1B008C5B8F /* Debug */ = {
			isa = XCBuildConfiguration;
			buildSettings = {
				ALWAYS_SEARCH_USER_PATHS = NO;
				CLANG_ANALYZER_NONNULL = YES;
				CLANG_CXX_LANGUAGE_STANDARD = "gnu++0x";
				CLANG_CXX_LIBRARY = "libc++";
				CLANG_ENABLE_MODULES = YES;
				CLANG_ENABLE_OBJC_ARC = YES;
				CLANG_WARN_BOOL_CONVERSION = YES;
				CLANG_WARN_CONSTANT_CONVERSION = YES;
				CLANG_WARN_DIRECT_OBJC_ISA_USAGE = YES_ERROR;
				CLANG_WARN_EMPTY_BODY = YES;
				CLANG_WARN_ENUM_CONVERSION = YES;
				CLANG_WARN_INT_CONVERSION = YES;
				CLANG_WARN_OBJC_ROOT_CLASS = YES_ERROR;
				CLANG_WARN_UNREACHABLE_CODE = YES;
				CLANG_WARN__DUPLICATE_METHOD_MATCH = YES;
				"CODE_SIGN_IDENTITY[sdk=iphoneos*]" = "iPhone Developer";
				COPY_PHASE_STRIP = NO;
				DEBUG_INFORMATION_FORMAT = dwarf;
				ENABLE_STRICT_OBJC_MSGSEND = YES;
				ENABLE_TESTABILITY = YES;
				GCC_C_LANGUAGE_STANDARD = gnu99;
				GCC_DYNAMIC_NO_PIC = NO;
				GCC_NO_COMMON_BLOCKS = YES;
				GCC_OPTIMIZATION_LEVEL = 0;
				GCC_PREPROCESSOR_DEFINITIONS = (
					"DEBUG=1",
					"$(inherited)",
				);
				GCC_WARN_64_TO_32_BIT_CONVERSION = YES;
				GCC_WARN_ABOUT_RETURN_TYPE = YES_ERROR;
				GCC_WARN_UNDECLARED_SELECTOR = YES;
				GCC_WARN_UNINITIALIZED_AUTOS = YES_AGGRESSIVE;
				GCC_WARN_UNUSED_FUNCTION = YES;
				GCC_WARN_UNUSED_VARIABLE = YES;
				IPHONEOS_DEPLOYMENT_TARGET = 9.3;
				MTL_ENABLE_DEBUG_INFO = YES;
				ONLY_ACTIVE_ARCH = YES;
				SDKROOT = iphoneos;
				SWIFT_OPTIMIZATION_LEVEL = "-Onone";
			};
			name = Debug;
		};
		962245EF1D1A3A1B008C5B8F /* Release */ = {
			isa = XCBuildConfiguration;
			buildSettings = {
				ALWAYS_SEARCH_USER_PATHS = NO;
				CLANG_ANALYZER_NONNULL = YES;
				CLANG_CXX_LANGUAGE_STANDARD = "gnu++0x";
				CLANG_CXX_LIBRARY = "libc++";
				CLANG_ENABLE_MODULES = YES;
				CLANG_ENABLE_OBJC_ARC = YES;
				CLANG_WARN_BOOL_CONVERSION = YES;
				CLANG_WARN_CONSTANT_CONVERSION = YES;
				CLANG_WARN_DIRECT_OBJC_ISA_USAGE = YES_ERROR;
				CLANG_WARN_EMPTY_BODY = YES;
				CLANG_WARN_ENUM_CONVERSION = YES;
				CLANG_WARN_INT_CONVERSION = YES;
				CLANG_WARN_OBJC_ROOT_CLASS = YES_ERROR;
				CLANG_WARN_UNREACHABLE_CODE = YES;
				CLANG_WARN__DUPLICATE_METHOD_MATCH = YES;
				"CODE_SIGN_IDENTITY[sdk=iphoneos*]" = "iPhone Developer";
				COPY_PHASE_STRIP = NO;
				DEBUG_INFORMATION_FORMAT = "dwarf-with-dsym";
				ENABLE_NS_ASSERTIONS = NO;
				ENABLE_STRICT_OBJC_MSGSEND = YES;
				GCC_C_LANGUAGE_STANDARD = gnu99;
				GCC_NO_COMMON_BLOCKS = YES;
				GCC_WARN_64_TO_32_BIT_CONVERSION = YES;
				GCC_WARN_ABOUT_RETURN_TYPE = YES_ERROR;
				GCC_WARN_UNDECLARED_SELECTOR = YES;
				GCC_WARN_UNINITIALIZED_AUTOS = YES_AGGRESSIVE;
				GCC_WARN_UNUSED_FUNCTION = YES;
				GCC_WARN_UNUSED_VARIABLE = YES;
				IPHONEOS_DEPLOYMENT_TARGET = 9.3;
				MTL_ENABLE_DEBUG_INFO = NO;
				SDKROOT = iphoneos;
				VALIDATE_PRODUCT = YES;
			};
			name = Release;
		};
		962245F11D1A3A1B008C5B8F /* Debug */ = {
			isa = XCBuildConfiguration;
			buildSettings = {
				ASSETCATALOG_COMPILER_APPICON_NAME = AppIcon;
				INFOPLIST_FILE = AsyncCallbackHell/Info.plist;
				LD_RUNPATH_SEARCH_PATHS = "$(inherited) @executable_path/Frameworks";
				PRODUCT_BUNDLE_IDENTIFIER = com.saitjr.AsyncCallbackHell;
				PRODUCT_NAME = "$(TARGET_NAME)";
			};
			name = Debug;
		};
		962245F21D1A3A1B008C5B8F /* Release */ = {
			isa = XCBuildConfiguration;
			buildSettings = {
				ASSETCATALOG_COMPILER_APPICON_NAME = AppIcon;
				INFOPLIST_FILE = AsyncCallbackHell/Info.plist;
				LD_RUNPATH_SEARCH_PATHS = "$(inherited) @executable_path/Frameworks";
				PRODUCT_BUNDLE_IDENTIFIER = com.saitjr.AsyncCallbackHell;
				PRODUCT_NAME = "$(TARGET_NAME)";
			};
			name = Release;
		};
/* End XCBuildConfiguration section */

/* Begin XCConfigurationList section */
		962245D91D1A3A1B008C5B8F /* Build configuration list for PBXProject "AsyncCallbackHell" */ = {
			isa = XCConfigurationList;
			buildConfigurations = (
				962245EE1D1A3A1B008C5B8F /* Debug */,
				962245EF1D1A3A1B008C5B8F /* Release */,
			);
			defaultConfigurationIsVisible = 0;
			defaultConfigurationName = Release;
		};
		962245F01D1A3A1B008C5B8F /* Build configuration list for PBXNativeTarget "AsyncCallbackHell" */ = {
			isa = XCConfigurationList;
			buildConfigurations = (
				962245F11D1A3A1B008C5B8F /* Debug */,
				962245F21D1A3A1B008C5B8F /* Release */,
			);
			defaultConfigurationIsVisible = 0;
		};
/* End XCConfigurationList section */
	};
	rootObject = 962245D61D1A3A1B008C5B8F /* Project object */;
}
